
Microsoft Visual Studio Solution File, Format Version 12.00
# Visual Studio Version 16
VisualStudioVersion = 16.0.30621.155
MinimumVisualStudioVersion = 10.0.40219.1
Project("{2150E333-8FDC-42A3-9474-1A3956D46DE8}") = "Dependencies", "Dependencies", "{D722A840-C480-4778-BD5B-4D695AC93422}"
	ProjectSection(SolutionItems) = preProject
		Dependencies\SharpID.dll = Dependencies\SharpID.dll
		Dependencies\SharpLogger.dll = Dependencies\SharpLogger.dll
		Dependencies\SharpSerial.dll = Dependencies\SharpSerial.dll
		Dependencies\XInput.Net\XInputDotNetPure.dll = Dependencies\XInput.Net\XInputDotNetPure.dll
		Dependencies\XInput.Net\XInputInterface.dll = Dependencies\XInput.Net\XInputInterface.dll
	EndProjectSection
EndProject
Project("{FAE04EC0-301F-11D3-BF4B-00C04F79EFBC}") = "SFInput", "SFInput.csproj", "{0E738931-DA83-48E2-9015-3AC423FB967A}"
EndProject
Project("{FAE04EC0-301F-11D3-BF4B-00C04F79EFBC}") = "SFInputTest", "SFInputTest\SFInputTest.csproj", "{FB09E302-EA44-4CA1-9D60-945B4467B5B1}"
EndProject
Global
	GlobalSection(SolutionConfigurationPlatforms) = preSolution
		Debug|Any CPU = Debug|Any CPU
		Release|Any CPU = Release|Any CPU
	EndGlobalSection
	GlobalSection(ProjectConfigurationPlatforms) = postSolution
		{0E738931-DA83-48E2-9015-3AC423FB967A}.Debug|Any CPU.ActiveCfg = Release|Any CPU
		{0E738931-DA83-48E2-9015-3AC423FB967A}.Debug|Any CPU.Build.0 = Release|Any CPU
		{0E738931-DA83-48E2-9015-3AC423FB967A}.Release|Any CPU.ActiveCfg = Release|Any CPU
		{0E738931-DA83-48E2-9015-3AC423FB967A}.Release|Any CPU.Build.0 = Release|Any CPU
		{FB09E302-EA44-4CA1-9D60-945B4467B5B1}.Debug|Any CPU.ActiveCfg = Release|Any CPU
		{FB09E302-EA44-4CA1-9D60-945B4467B5B1}.Debug|Any CPU.Build.0 = Release|Any CPU
		{FB09E302-EA44-4CA1-9D60-945B4467B5B1}.Release|Any CPU.ActiveCfg = Release|Any CPU
		{FB09E302-EA44-4CA1-9D60-945B4467B5B1}.Release|Any CPU.Build.0 = Release|Any CPU
	EndGlobalSection
	GlobalSection(SolutionProperties) = preSolution
		HideSolutionNode = FALSE
	EndGlobalSection
	GlobalSection(ExtensibilityGlobals) = postSolution
		SolutionGuid = {EF1384E1-D1AD-42CF-9C62-B630D8355842}
	EndGlobalSection
EndGlobal
